{
  "nodes": {
    "nixpkgs": {
      "locked": {
        "lastModified": 1747674755,
        "narHash": "sha256-T01XQ9YcpnqXhXZod/QJyPmTDx9rxWc0lu/4QmkMUqY=",
        "owner": "NixOS",
        "repo": "nixpkgs",
        "rev": "042733dfaa6ee00adb7c985fca3fecce502e3791",
        "type": "github"
      },
      "original": {
        "owner": "NixOS",
        "repo": "nixpkgs",
        "type": "github"
      }
    },
    "root": {
      "inputs": {
        "nixpkgs": "nixpkgs"
      }
    }
  },
  "root": "root",
  "version": 7
}
